<?xml version="1.0" encoding="utf-8"?>
<Project ToolsVersion="17.0" xmlns="http://schemas.microsoft.com/developer/msbuild/2003">
  <ItemGroup>
    <ClCompile Include="D:\VS Code stuff\ai-programming-agent\apps\cli-client\main.cpp">
      <Filter>Source Files</Filter>
    </ClCompile>
    <ClCompile Include="D:\VS Code stuff\ai-programming-agent\apps\cli-client\ApiClient.cpp">
      <Filter>Source Files</Filter>
    </ClCompile>
    <ClCompile Include="D:\VS Code stuff\ai-programming-agent\apps\cli-client\CliController.cpp">
      <Filter>Source Files</Filter>
    </ClCompile>
    <ClCompile Include="D:\VS Code stuff\ai-programming-agent\apps\cli-client\EventPrinter.cpp">
      <Filter>Source Files</Filter>
    </ClCompile>
  </ItemGroup>
  <ItemGroup>
    <CustomBuild Include="D:\VS Code stuff\ai-programming-agent\apps\cli-client\CMakeLists.txt" />
  </ItemGroup>
  <ItemGroup>
    <Filter Include="Source Files">
      <UniqueIdentifier>{9649900B-367A-3B0D-8FD7-3153065484B3}</UniqueIdentifier>
    </Filter>
  </ItemGroup>
</Project>
