<?xml version="1.0" encoding="utf-8"?>
<Project ToolsVersion="17.0" xmlns="http://schemas.microsoft.com/developer/msbuild/2003">
  <ItemGroup>
    <ClCompile Include="D:\VS Code stuff\ai-programming-agent\apps\agent-server\main.cpp">
      <Filter>Source Files</Filter>
    </ClCompile>
    <ClCompile Include="D:\VS Code stuff\ai-programming-agent\apps\agent-server\AppBootstrap.cpp">
      <Filter>Source Files</Filter>
    </ClCompile>
    <ClCompile Include="D:\VS Code stuff\ai-programming-agent\backend\agent-server\api\HttpServer.cpp">
      <Filter>Source Files</Filter>
    </ClCompile>
    <ClCompile Include="D:\VS Code stuff\ai-programming-agent\backend\agent-server\api\controllers\LogController.cpp">
      <Filter>Source Files</Filter>
    </ClCompile>
    <ClCompile Include="D:\VS Code stuff\ai-programming-agent\backend\agent-server\api\controllers\FileChangeController.cpp">
      <Filter>Source Files</Filter>
    </ClCompile>
    <ClCompile Include="D:\VS Code stuff\ai-programming-agent\backend\agent-server\api\controllers\ReplayController.cpp">
      <Filter>Source Files</Filter>
    </ClCompile>
    <ClCompile Include="D:\VS Code stuff\ai-programming-agent\backend\agent-server\api\controllers\PermissionController.cpp">
      <Filter>Source Files</Filter>
    </ClCompile>
    <ClCompile Include="D:\VS Code stuff\ai-programming-agent\backend\agent-server\api\controllers\SessionController.cpp">
      <Filter>Source Files</Filter>
    </ClCompile>
    <ClCompile Include="D:\VS Code stuff\ai-programming-agent\backend\agent-server\api\controllers\TaskController.cpp">
      <Filter>Source Files</Filter>
    </ClCompile>
    <ClCompile Include="D:\VS Code stuff\ai-programming-agent\backend\agent-server\api\controllers\ToolController.cpp">
      <Filter>Source Files</Filter>
    </ClCompile>
    <ClCompile Include="D:\VS Code stuff\ai-programming-agent\backend\agent-server\api\controllers\WorkspaceController.cpp">
      <Filter>Source Files</Filter>
    </ClCompile>
    <ClCompile Include="D:\VS Code stuff\ai-programming-agent\backend\agent-server\api\controllers\WorkspaceFileController.cpp">
      <Filter>Source Files</Filter>
    </ClCompile>
    <ClCompile Include="D:\VS Code stuff\ai-programming-agent\backend\agent-server\api\controllers\ExpertController.cpp">
      <Filter>Source Files</Filter>
    </ClCompile>
    <ClCompile Include="D:\VS Code stuff\ai-programming-agent\backend\agent-server\api\controllers\ConfigController.cpp">
      <Filter>Source Files</Filter>
    </ClCompile>
    <ClCompile Include="D:\VS Code stuff\ai-programming-agent\backend\agent-server\api\controllers\GlobalController.cpp">
      <Filter>Source Files</Filter>
    </ClCompile>
    <ClCompile Include="D:\VS Code stuff\ai-programming-agent\backend\agent-server\api\controllers\DebugController.cpp">
      <Filter>Source Files</Filter>
    </ClCompile>
    <ClCompile Include="D:\VS Code stuff\ai-programming-agent\backend\agent-server\application\LogService.cpp">
      <Filter>Source Files</Filter>
    </ClCompile>
    <ClCompile Include="D:\VS Code stuff\ai-programming-agent\backend\agent-server\application\FileChangeService.cpp">
      <Filter>Source Files</Filter>
    </ClCompile>
    <ClCompile Include="D:\VS Code stuff\ai-programming-agent\backend\agent-server\application\ReplayService.cpp">
      <Filter>Source Files</Filter>
    </ClCompile>
    <ClCompile Include="D:\VS Code stuff\ai-programming-agent\backend\agent-server\application\SessionService.cpp">
      <Filter>Source Files</Filter>
    </ClCompile>
    <ClCompile Include="D:\VS Code stuff\ai-programming-agent\backend\agent-server\application\TaskService.cpp">
      <Filter>Source Files</Filter>
    </ClCompile>
    <ClCompile Include="D:\VS Code stuff\ai-programming-agent\backend\agent-server\application\ToolSystem.cpp">
      <Filter>Source Files</Filter>
    </ClCompile>
    <ClCompile Include="D:\VS Code stuff\ai-programming-agent\backend\agent-server\application\WorkspaceService.cpp">
      <Filter>Source Files</Filter>
    </ClCompile>
    <ClCompile Include="D:\VS Code stuff\ai-programming-agent\backend\agent-server\facade\DataAccessFacade.cpp">
      <Filter>Source Files</Filter>
    </ClCompile>
    <ClCompile Include="D:\VS Code stuff\ai-programming-agent\backend\agent-server\facade\LlmClientFacade.cpp">
      <Filter>Source Files</Filter>
    </ClCompile>
    <ClCompile Include="D:\VS Code stuff\ai-programming-agent\backend\agent-server\facade\SSEGateway.cpp">
      <Filter>Source Files</Filter>
    </ClCompile>
    <ClCompile Include="D:\VS Code stuff\ai-programming-agent\backend\agent-server\domain\agent\MessageBus.cpp">
      <Filter>Source Files</Filter>
    </ClCompile>
    <ClCompile Include="D:\VS Code stuff\ai-programming-agent\backend\agent-server\domain\agent\PromptBuilder.cpp">
      <Filter>Source Files</Filter>
    </ClCompile>
    <ClCompile Include="D:\VS Code stuff\ai-programming-agent\backend\agent-server\domain\agent\RouteEngine.cpp">
      <Filter>Source Files</Filter>
    </ClCompile>
    <ClCompile Include="D:\VS Code stuff\ai-programming-agent\backend\agent-server\domain\agent\PlanManager.cpp">
      <Filter>Source Files</Filter>
    </ClCompile>
    <ClCompile Include="D:\VS Code stuff\ai-programming-agent\backend\agent-server\domain\agent\ExpertRegistry.cpp">
      <Filter>Source Files</Filter>
    </ClCompile>
    <ClCompile Include="D:\VS Code stuff\ai-programming-agent\backend\agent-server\domain\agent\AgentConfiguration.cpp">
      <Filter>Source Files</Filter>
    </ClCompile>
    <ClCompile Include="D:\VS Code stuff\ai-programming-agent\backend\agent-server\domain\agent\AgentLoop.cpp">
      <Filter>Source Files</Filter>
    </ClCompile>
    <ClCompile Include="D:\VS Code stuff\ai-programming-agent\backend\agent-server\domain\agent\AgentOrchestrator.cpp">
      <Filter>Source Files</Filter>
    </ClCompile>
    <ClCompile Include="D:\VS Code stuff\ai-programming-agent\backend\agent-server\infrastructure\llm\LlmClient.cpp">
      <Filter>Source Files</Filter>
    </ClCompile>
    <ClCompile Include="D:\VS Code stuff\ai-programming-agent\backend\agent-server\infrastructure\llm\OpenAICompatibleClient.cpp">
      <Filter>Source Files</Filter>
    </ClCompile>
    <ClCompile Include="D:\VS Code stuff\ai-programming-agent\backend\agent-server\domain\tools\BuiltinShell.cpp">
      <Filter>Source Files</Filter>
    </ClCompile>
    <ClCompile Include="D:\VS Code stuff\ai-programming-agent\backend\agent-server\domain\tools\FileTool.cpp">
      <Filter>Source Files</Filter>
    </ClCompile>
    <ClCompile Include="D:\VS Code stuff\ai-programming-agent\backend\agent-server\domain\tools\ShellTool.cpp">
      <Filter>Source Files</Filter>
    </ClCompile>
    <ClCompile Include="D:\VS Code stuff\ai-programming-agent\backend\agent-server\domain\tools\GitTool.cpp">
      <Filter>Source Files</Filter>
    </ClCompile>
    <ClCompile Include="D:\VS Code stuff\ai-programming-agent\backend\agent-server\domain\tools\ToolRegistry.cpp">
      <Filter>Source Files</Filter>
    </ClCompile>
    <ClCompile Include="D:\VS Code stuff\ai-programming-agent\backend\agent-server\domain\security\RiskDetector.cpp">
      <Filter>Source Files</Filter>
    </ClCompile>
    <ClCompile Include="D:\VS Code stuff\ai-programming-agent\backend\agent-server\domain\debug\Debugger.cpp">
      <Filter>Source Files</Filter>
    </ClCompile>
    <ClCompile Include="D:\VS Code stuff\ai-programming-agent\backend\agent-server\domain\security\PermissionManager.cpp">
      <Filter>Source Files</Filter>
    </ClCompile>
    <ClCompile Include="D:\VS Code stuff\ai-programming-agent\backend\agent-server\infrastructure\process\ProcessRunner.cpp">
      <Filter>Source Files</Filter>
    </ClCompile>
    <ClCompile Include="D:\VS Code stuff\ai-programming-agent\backend\agent-server\event\EventBus.cpp">
      <Filter>Source Files</Filter>
    </ClCompile>
    <ClCompile Include="D:\VS Code stuff\ai-programming-agent\backend\agent-server\event\EventDispatcher.cpp">
      <Filter>Source Files</Filter>
    </ClCompile>
    <ClCompile Include="D:\VS Code stuff\ai-programming-agent\backend\agent-server\infrastructure\filesystem\Workspace.cpp">
      <Filter>Source Files</Filter>
    </ClCompile>
    <ClCompile Include="D:\VS Code stuff\ai-programming-agent\backend\agent-server\infrastructure\filesystem\WorkspaceRuntime.cpp">
      <Filter>Source Files</Filter>
    </ClCompile>
    <ClCompile Include="D:\VS Code stuff\ai-programming-agent\backend\agent-server\infrastructure\filesystem\WorkspaceManager.cpp">
      <Filter>Source Files</Filter>
    </ClCompile>
    <ClCompile Include="D:\VS Code stuff\ai-programming-agent\modules\common\logging\LogConfig.cpp">
      <Filter>Source Files</Filter>
    </ClCompile>
    <ClCompile Include="D:\VS Code stuff\ai-programming-agent\modules\common\logging\Logger.cpp">
      <Filter>Source Files</Filter>
    </ClCompile>
    <ClCompile Include="D:\VS Code stuff\ai-programming-agent\backend\agent-server\infrastructure\storage\repositories\GlobalRepository.cpp">
      <Filter>Source Files</Filter>
    </ClCompile>
    <ClCompile Include="D:\VS Code stuff\ai-programming-agent\backend\agent-server\infrastructure\storage\repositories\EventRepository.cpp">
      <Filter>Source Files</Filter>
    </ClCompile>
    <ClCompile Include="D:\VS Code stuff\ai-programming-agent\backend\agent-server\infrastructure\storage\repositories\FileChangeRepository.cpp">
      <Filter>Source Files</Filter>
    </ClCompile>
    <ClCompile Include="D:\VS Code stuff\ai-programming-agent\backend\agent-server\infrastructure\storage\repositories\LogRepository.cpp">
      <Filter>Source Files</Filter>
    </ClCompile>
    <ClCompile Include="D:\VS Code stuff\ai-programming-agent\backend\agent-server\infrastructure\storage\repositories\PermissionRepository.cpp">
      <Filter>Source Files</Filter>
    </ClCompile>
    <ClCompile Include="D:\VS Code stuff\ai-programming-agent\backend\agent-server\infrastructure\storage\repositories\ReplayRepository.cpp">
      <Filter>Source Files</Filter>
    </ClCompile>
    <ClCompile Include="D:\VS Code stuff\ai-programming-agent\backend\agent-server\infrastructure\storage\repositories\SessionRepository.cpp">
      <Filter>Source Files</Filter>
    </ClCompile>
    <ClCompile Include="D:\VS Code stuff\ai-programming-agent\backend\agent-server\infrastructure\storage\repositories\TaskRepository.cpp">
      <Filter>Source Files</Filter>
    </ClCompile>
    <ClCompile Include="D:\VS Code stuff\ai-programming-agent\backend\agent-server\infrastructure\storage\repositories\ToolCallRepository.cpp">
      <Filter>Source Files</Filter>
    </ClCompile>
    <ClCompile Include="D:\VS Code stuff\ai-programming-agent\backend\agent-server\infrastructure\storage\migrations\MigrationRunner.cpp">
      <Filter>Source Files</Filter>
    </ClCompile>
    <ClCompile Include="D:\VS Code stuff\ai-programming-agent\backend\agent-server\infrastructure\storage\repositories\WorkspaceRepository.cpp">
      <Filter>Source Files</Filter>
    </ClCompile>
  </ItemGroup>
  <ItemGroup>
    <CustomBuild Include="D:\VS Code stuff\ai-programming-agent\apps\agent-server\CMakeLists.txt" />
  </ItemGroup>
  <ItemGroup>
    <Filter Include="Source Files">
      <UniqueIdentifier>{9649900B-367A-3B0D-8FD7-3153065484B3}</UniqueIdentifier>
    </Filter>
  </ItemGroup>
</Project>
